
Microsoft Visual Studio Solution File, Format Version 12.00
# Visual Studio 15
VisualStudioVersion = 15.0.27130.2027
MinimumVisualStudioVersion = 10.0.40219.1
Project("{FAE04EC0-301F-11D3-BF4B-00C04F79EFBC}") = "FractionalKnapsackProblem", "FractionalKnapsackProblem\FractionalKnapsackProblem.csproj", "{CD23160C-67CE-447D-A4C6-5D9C3F1B0C43}"
EndProject
Project("{FAE04EC0-301F-11D3-BF4B-00C04F79EFBC}") = "ProcessorScheduling", "ProcessorScheduling\ProcessorScheduling.csproj", "{838D0545-F63B-4E98-8599-9CD734F500F9}"
EndProject
Project("{FAE04EC0-301F-11D3-BF4B-00C04F79EFBC}") = "BestLecturesSchedule", "BestLecturesSchedule\BestLecturesSchedule.csproj", "{EA914047-3BB0-40B0-82D3-88F1D51692B9}"
EndProject
Project("{FAE04EC0-301F-11D3-BF4B-00C04F79EFBC}") = "EgyptianFractions", "EgyptianFractions\EgyptianFractions.csproj", "{8B4F2F30-5243-4F47-BD5A-ABB13FB7E51F}"
EndProject
Project("{FAE04EC0-301F-11D3-BF4B-00C04F79EFBC}") = "KnightsTour", "KnightsTour\KnightsTour.csproj", "{C50B3AA8-B3D3-42AA-874D-DCD9DAD05131}"
EndProject
Global
	GlobalSection(SolutionConfigurationPlatforms) = preSolution
		Debug|Any CPU = Debug|Any CPU
		Release|Any CPU = Release|Any CPU
	EndGlobalSection
	GlobalSection(ProjectConfigurationPlatforms) = postSolution
		{CD23160C-67CE-447D-A4C6-5D9C3F1B0C43}.Debug|Any CPU.ActiveCfg = Debug|Any CPU
		{CD23160C-67CE-447D-A4C6-5D9C3F1B0C43}.Debug|Any CPU.Build.0 = Debug|Any CPU
		{CD23160C-67CE-447D-A4C6-5D9C3F1B0C43}.Release|Any CPU.ActiveCfg = Release|Any CPU
		{CD23160C-67CE-447D-A4C6-5D9C3F1B0C43}.Release|Any CPU.Build.0 = Release|Any CPU
		{838D0545-F63B-4E98-8599-9CD734F500F9}.Debug|Any CPU.ActiveCfg = Debug|Any CPU
		{838D0545-F63B-4E98-8599-9CD734F500F9}.Debug|Any CPU.Build.0 = Debug|Any CPU
		{838D0545-F63B-4E98-8599-9CD734F500F9}.Release|Any CPU.ActiveCfg = Release|Any CPU
		{838D0545-F63B-4E98-8599-9CD734F500F9}.Release|Any CPU.Build.0 = Release|Any CPU
		{EA914047-3BB0-40B0-82D3-88F1D51692B9}.Debug|Any CPU.ActiveCfg = Debug|Any CPU
		{EA914047-3BB0-40B0-82D3-88F1D51692B9}.Debug|Any CPU.Build.0 = Debug|Any CPU
		{EA914047-3BB0-40B0-82D3-88F1D51692B9}.Release|Any CPU.ActiveCfg = Release|Any CPU
		{EA914047-3BB0-40B0-82D3-88F1D51692B9}.Release|Any CPU.Build.0 = Release|Any CPU
		{8B4F2F30-5243-4F47-BD5A-ABB13FB7E51F}.Debug|Any CPU.ActiveCfg = Debug|Any CPU
		{8B4F2F30-5243-4F47-BD5A-ABB13FB7E51F}.Debug|Any CPU.Build.0 = Debug|Any CPU
		{8B4F2F30-5243-4F47-BD5A-ABB13FB7E51F}.Release|Any CPU.ActiveCfg = Release|Any CPU
		{8B4F2F30-5243-4F47-BD5A-ABB13FB7E51F}.Release|Any CPU.Build.0 = Release|Any CPU
		{C50B3AA8-B3D3-42AA-874D-DCD9DAD05131}.Debug|Any CPU.ActiveCfg = Debug|Any CPU
		{C50B3AA8-B3D3-42AA-874D-DCD9DAD05131}.Debug|Any CPU.Build.0 = Debug|Any CPU
		{C50B3AA8-B3D3-42AA-874D-DCD9DAD05131}.Release|Any CPU.ActiveCfg = Release|Any CPU
		{C50B3AA8-B3D3-42AA-874D-DCD9DAD05131}.Release|Any CPU.Build.0 = Release|Any CPU
	EndGlobalSection
	GlobalSection(SolutionProperties) = preSolution
		HideSolutionNode = FALSE
	EndGlobalSection
	GlobalSection(ExtensibilityGlobals) = postSolution
		SolutionGuid = {1685D76F-6E8C-4C4F-9CD8-3A1E1D56CB51}
	EndGlobalSection
EndGlobal
